
Microsoft Visual Studio Solution File, Format Version 12.00
# Visual Studio Version 16
VisualStudioVersion = 16.0.30011.22
MinimumVisualStudioVersion = 10.0.40219.1
Project("{8BC9CEB8-8B4A-11D0-8D11-00A0C91BC942}") = "Attitude_Indicator_Sensor_LED_Matrix", "Attitude_Indicator_Sensor_LED_Matrix.vcxproj", "{91A31C77-CD39-4B9D-AA58-FD9C7B754ABC}"
EndProject
Global
	GlobalSection(SolutionConfigurationPlatforms) = preSolution
		Debug|x64 = Debug|x64
		Debug|x86 = Debug|x86
		Release|x64 = Release|x64
		Release|x86 = Release|x86
	EndGlobalSection
	GlobalSection(ProjectConfigurationPlatforms) = postSolution
		{91A31C77-CD39-4B9D-AA58-FD9C7B754ABC}.Debug|x64.ActiveCfg = Debug|x64
		{91A31C77-CD39-4B9D-AA58-FD9C7B754ABC}.Debug|x64.Build.0 = Debug|x64
		{91A31C77-CD39-4B9D-AA58-FD9C7B754ABC}.Debug|x86.ActiveCfg = Debug|Win32
		{91A31C77-CD39-4B9D-AA58-FD9C7B754ABC}.Debug|x86.Build.0 = Debug|Win32
		{91A31C77-CD39-4B9D-AA58-FD9C7B754ABC}.Release|x64.ActiveCfg = Release|x64
		{91A31C77-CD39-4B9D-AA58-FD9C7B754ABC}.Release|x64.Build.0 = Release|x64
		{91A31C77-CD39-4B9D-AA58-FD9C7B754ABC}.Release|x86.ActiveCfg = Release|Win32
		{91A31C77-CD39-4B9D-AA58-FD9C7B754ABC}.Release|x86.Build.0 = Release|Win32
	EndGlobalSection
	GlobalSection(SolutionProperties) = preSolution
		HideSolutionNode = FALSE
	EndGlobalSection
	GlobalSection(ExtensibilityGlobals) = postSolution
		SolutionGuid = {DA870340-400E-49D8-8481-3E232387BFAA}
	EndGlobalSection
EndGlobal
